
Microsoft Visual Studio Solution File, Format Version 12.00
# Visual Studio Version 16
VisualStudioVersion = 16.0.30002.166
MinimumVisualStudioVersion = 10.0.40219.1
Project("{FAE04EC0-301F-11D3-BF4B-00C04F79EFBC}") = "Coworking.Api", "Coworking.Api\Coworking.Api.csproj", "{7C8CB7F7-938D-4139-8065-D626C18242CD}"
EndProject
Global
	GlobalSection(SolutionConfigurationPlatforms) = preSolution
		Debug|Any CPU = Debug|Any CPU
		Release|Any CPU = Release|Any CPU
	EndGlobalSection
	GlobalSection(ProjectConfigurationPlatforms) = postSolution
		{7C8CB7F7-938D-4139-8065-D626C18242CD}.Debug|Any CPU.ActiveCfg = Debug|Any CPU
		{7C8CB7F7-938D-4139-8065-D626C18242CD}.Debug|Any CPU.Build.0 = Debug|Any CPU
		{7C8CB7F7-938D-4139-8065-D626C18242CD}.Release|Any CPU.ActiveCfg = Release|Any CPU
		{7C8CB7F7-938D-4139-8065-D626C18242CD}.Release|Any CPU.Build.0 = Release|Any CPU
	EndGlobalSection
	GlobalSection(SolutionProperties) = preSolution
		HideSolutionNode = FALSE
	EndGlobalSection
	GlobalSection(ExtensibilityGlobals) = postSolution
		SolutionGuid = {FCD0938B-9C39-46B0-9EDC-DEA13DF6203B}
	EndGlobalSection
EndGlobal
